
Microsoft Visual Studio Solution File, Format Version 12.00
# Visual Studio 15
VisualStudioVersion = 15.0.28307.421
MinimumVisualStudioVersion = 10.0.40219.1
Project("{FAE04EC0-301F-11D3-BF4B-00C04F79EFBC}") = "demo-xunit-restsharp", "demo-xunit-restsharp\demo-xunit-restsharp.csproj", "{F0354525-4B51-4D81-BB9C-A94D337B8F86}"
EndProject
Global
	GlobalSection(SolutionConfigurationPlatforms) = preSolution
		Debug|Any CPU = Debug|Any CPU
		Release|Any CPU = Release|Any CPU
	EndGlobalSection
	GlobalSection(ProjectConfigurationPlatforms) = postSolution
		{F0354525-4B51-4D81-BB9C-A94D337B8F86}.Debug|Any CPU.ActiveCfg = Debug|Any CPU
		{F0354525-4B51-4D81-BB9C-A94D337B8F86}.Debug|Any CPU.Build.0 = Debug|Any CPU
		{F0354525-4B51-4D81-BB9C-A94D337B8F86}.Release|Any CPU.ActiveCfg = Release|Any CPU
		{F0354525-4B51-4D81-BB9C-A94D337B8F86}.Release|Any CPU.Build.0 = Release|Any CPU
	EndGlobalSection
	GlobalSection(SolutionProperties) = preSolution
		HideSolutionNode = FALSE
	EndGlobalSection
	GlobalSection(ExtensibilityGlobals) = postSolution
		SolutionGuid = {B7B55065-DB35-4194-97C3-4081D3038423}
	EndGlobalSection
EndGlobal
